// !$*UTF8*$!
{
	archiveVersion = 1;
	classes = {
	};
	objectVersion = 55;
	objects = {

/* Begin PBXBuildFile section */
		6C2B1210285B95F8008B80A6 /* Sentry in Frameworks */ = {isa = PBXBuildFile; productRef = 6C2B120F285B95F8008B80A6 /* Sentry */; };
		6C2B1219285F3C93008B80A6 /* DataHelper.m in Sources */ = {isa = PBXBuildFile; fileRef = 6C2B1218285F3C93008B80A6 /* DataHelper.m */; };
		6CFE486B28572FF9002DC791 /* AppDelegate.swift in Sources */ = {isa = PBXBuildFile; fileRef = 6CFE486A28572FF9002DC791 /* AppDelegate.swift */; };
		6CFE486D28572FF9002DC791 /* SceneDelegate.swift in Sources */ = {isa = PBXBuildFile; fileRef = 6CFE486C28572FF9002DC791 /* SceneDelegate.swift */; };
		6CFE486F28572FF9002DC791 /* ViewController.swift in Sources */ = {isa = PBXBuildFile; fileRef = 6CFE486E28572FF9002DC791 /* ViewController.swift */; };
		6CFE487228572FF9002DC791 /* Main.storyboard in Resources */ = {isa = PBXBuildFile; fileRef = 6CFE487028572FF9002DC791 /* Main.storyboard */; };
		6CFE487528572FF9002DC791 /* DistanceDemo.xcdatamodeld in Sources */ = {isa = PBXBuildFile; fileRef = 6CFE487328572FF9002DC791 /* DistanceDemo.xcdatamodeld */; };
		6CFE487728572FFA002DC791 /* Assets.xcassets in Resources */ = {isa = PBXBuildFile; fileRef = 6CFE487628572FFA002DC791 /* Assets.xcassets */; };
		6CFE487A28572FFA002DC791 /* LaunchScreen.storyboard in Resources */ = {isa = PBXBuildFile; fileRef = 6CFE487828572FFA002DC791 /* LaunchScreen.storyboard */; };
		6CFE488228573044002DC791 /* TablViewCell.swift in Sources */ = {isa = PBXBuildFile; fileRef = 6CFE488128573044002DC791 /* TablViewCell.swift */; };
/* End PBXBuildFile section */

/* Begin PBXFileReference section */
		6C2B1211285F39F3008B80A6 /* DistanceDemo-Bridging-Header.h */ = {isa = PBXFileReference; lastKnownFileType = sourcecode.c.h; path = "DistanceDemo-Bridging-Header.h"; sourceTree = "<group>"; };
		6C2B1217285F3C93008B80A6 /* DataHelper.h */ = {isa = PBXFileReference; lastKnownFileType = sourcecode.c.h; path = DataHelper.h; sourceTree = "<group>"; };
		6C2B1218285F3C93008B80A6 /* DataHelper.m */ = {isa = PBXFileReference; lastKnownFileType = sourcecode.c.objc; path = DataHelper.m; sourceTree = "<group>"; };
		6CFE486728572FF9002DC791 /* DistanceDemo.app */ = {isa = PBXFileReference; explicitFileType = wrapper.application; includeInIndex = 0; path = DistanceDemo.app; sourceTree = BUILT_PRODUCTS_DIR; };
		6CFE486A28572FF9002DC791 /* AppDelegate.swift */ = {isa = PBXFileReference; lastKnownFileType = sourcecode.swift; path = AppDelegate.swift; sourceTree = "<group>"; };
		6CFE486C28572FF9002DC791 /* SceneDelegate.swift */ = {isa = PBXFileReference; lastKnownFileType = sourcecode.swift; path = SceneDelegate.swift; sourceTree = "<group>"; };
		6CFE486E28572FF9002DC791 /* ViewController.swift */ = {isa = PBXFileReference; lastKnownFileType = sourcecode.swift; path = ViewController.swift; sourceTree = "<group>"; };
		6CFE487128572FF9002DC791 /* Base */ = {isa = PBXFileReference; lastKnownFileType = file.storyboard; name = Base; path = Base.lproj/Main.storyboard; sourceTree = "<group>"; };
		6CFE487428572FF9002DC791 /* DistanceDemo.xcdatamodel */ = {isa = PBXFileReference; lastKnownFileType = wrapper.xcdatamodel; path = DistanceDemo.xcdatamodel; sourceTree = "<group>"; };
		6CFE487628572FFA002DC791 /* Assets.xcassets */ = {isa = PBXFileReference; lastKnownFileType = folder.assetcatalog; path = Assets.xcassets; sourceTree = "<group>"; };
		6CFE487928572FFA002DC791 /* Base */ = {isa = PBXFileReference; lastKnownFileType = file.storyboard; name = Base; path = Base.lproj/LaunchScreen.storyboard; sourceTree = "<group>"; };
		6CFE487B28572FFA002DC791 /* Info.plist */ = {isa = PBXFileReference; lastKnownFileType = text.plist.xml; path = Info.plist; sourceTree = "<group>"; };
		6CFE488128573044002DC791 /* TablViewCell.swift */ = {isa = PBXFileReference; lastKnownFileType = sourcecode.swift; path = TablViewCell.swift; sourceTree = "<group>"; };
/* End PBXFileReference section */

/* Begin PBXFrameworksBuildPhase section */
		6CFE486428572FF9002DC791 /* Frameworks */ = {
			isa = PBXFrameworksBuildPhase;
			buildActionMask = 2147483647;
			files = (
				6C2B1210285B95F8008B80A6 /* Sentry in Frameworks */,
			);
			runOnlyForDeploymentPostprocessing = 0;
		};
/* End PBXFrameworksBuildPhase section */

/* Begin PBXGroup section */
		6CFE485E28572FF9002DC791 = {
			isa = PBXGroup;
			children = (
				6CFE486928572FF9002DC791 /* DistanceDemo */,
				6CFE486828572FF9002DC791 /* Products */,
			);
			sourceTree = "<group>";
		};
		6CFE486828572FF9002DC791 /* Products */ = {
			isa = PBXGroup;
			children = (
				6CFE486728572FF9002DC791 /* DistanceDemo.app */,
			);
			name = Products;
			sourceTree = "<group>";
		};
		6CFE486928572FF9002DC791 /* DistanceDemo */ = {
			isa = PBXGroup;
			children = (
				6CFE486A28572FF9002DC791 /* AppDelegate.swift */,
				6CFE486C28572FF9002DC791 /* SceneDelegate.swift */,
				6CFE486E28572FF9002DC791 /* ViewController.swift */,
				6CFE487028572FF9002DC791 /* Main.storyboard */,
				6CFE487628572FFA002DC791 /* Assets.xcassets */,
				6CFE487828572FFA002DC791 /* LaunchScreen.storyboard */,
				6CFE487B28572FFA002DC791 /* Info.plist */,
				6CFE487328572FF9002DC791 /* DistanceDemo.xcdatamodeld */,
				6CFE488128573044002DC791 /* TablViewCell.swift */,
				6C2B1211285F39F3008B80A6 /* DistanceDemo-Bridging-Header.h */,
				6C2B1217285F3C93008B80A6 /* DataHelper.h */,
				6C2B1218285F3C93008B80A6 /* DataHelper.m */,
			);
			path = DistanceDemo;
			sourceTree = "<group>";
		};
/* End PBXGroup section */

/* Begin PBXNativeTarget section */
		6CFE486628572FF9002DC791 /* DistanceDemo */ = {
			isa = PBXNativeTarget;
			buildConfigurationList = 6CFE487E28572FFA002DC791 /* Build configuration list for PBXNativeTarget "DistanceDemo" */;
			buildPhases = (
				6CFE486328572FF9002DC791 /* Sources */,
				6CFE486428572FF9002DC791 /* Frameworks */,
				6CFE486528572FF9002DC791 /* Resources */,
			);
			buildRules = (
			);
			dependencies = (
			);
			name = DistanceDemo;
			packageProductDependencies = (
				6C2B120F285B95F8008B80A6 /* Sentry */,
			);
			productName = DistanceDemo;
			productReference = 6CFE486728572FF9002DC791 /* DistanceDemo.app */;
			productType = "com.apple.product-type.application";
		};
/* End PBXNativeTarget section */

/* Begin PBXProject section */
		6CFE485F28572FF9002DC791 /* Project object */ = {
			isa = PBXProject;
			attributes = {
				BuildIndependentTargetsInParallel = 1;
				LastSwiftUpdateCheck = 1320;
				LastUpgradeCheck = 1320;
				TargetAttributes = {
					6CFE486628572FF9002DC791 = {
						CreatedOnToolsVersion = 13.2.1;
						LastSwiftMigration = 1320;
					};
				};
			};
			buildConfigurationList = 6CFE486228572FF9002DC791 /* Build configuration list for PBXProject "DistanceDemo" */;
			compatibilityVersion = "Xcode 13.0";
			developmentRegion = en;
			hasScannedForEncodings = 0;
			knownRegions = (
				en,
				Base,
			);
			mainGroup = 6CFE485E28572FF9002DC791;
			packageReferences = (
				6C2B120E285B95F8008B80A6 /* XCRemoteSwiftPackageReference "sentry-cocoa" */,
			);
			productRefGroup = 6CFE486828572FF9002DC791 /* Products */;
			projectDirPath = "";
			projectRoot = "";
			targets = (
				6CFE486628572FF9002DC791 /* DistanceDemo */,
			);
		};
/* End PBXProject section */

/* Begin PBXResourcesBuildPhase section */
		6CFE486528572FF9002DC791 /* Resources */ = {
			isa = PBXResourcesBuildPhase;
			buildActionMask = 2147483647;
			files = (
				6CFE487A28572FFA002DC791 /* LaunchScreen.storyboard in Resources */,
				6CFE487728572FFA002DC791 /* Assets.xcassets in Resources */,
				6CFE487228572FF9002DC791 /* Main.storyboard in Resources */,
			);
			runOnlyForDeploymentPostprocessing = 0;
		};
/* End PBXResourcesBuildPhase section */

/* Begin PBXSourcesBuildPhase section */
		6CFE486328572FF9002DC791 /* Sources */ = {
			isa = PBXSourcesBuildPhase;
			buildActionMask = 2147483647;
			files = (
				6C2B1219285F3C93008B80A6 /* DataHelper.m in Sources */,
				6CFE488228573044002DC791 /* TablViewCell.swift in Sources */,
				6CFE486F28572FF9002DC791 /* ViewController.swift in Sources */,
				6CFE487528572FF9002DC791 /* DistanceDemo.xcdatamodeld in Sources */,
				6CFE486B28572FF9002DC791 /* AppDelegate.swift in Sources */,
				6CFE486D28572FF9002DC791 /* SceneDelegate.swift in Sources */,
			);
			runOnlyForDeploymentPostprocessing = 0;
		};
/* End PBXSourcesBuildPhase section */

/* Begin PBXVariantGroup section */
		6CFE487028572FF9002DC791 /* Main.storyboard */ = {
			isa = PBXVariantGroup;
			children = (
				6CFE487128572FF9002DC791 /* Base */,
			);
			name = Main.storyboard;
			sourceTree = "<group>";
		};
		6CFE487828572FFA002DC791 /* LaunchScreen.storyboard */ = {
			isa = PBXVariantGroup;
			children = (
				6CFE487928572FFA002DC791 /* Base */,
			);
			name = LaunchScreen.storyboard;
			sourceTree = "<group>";
		};
/* End PBXVariantGroup section */

/* Begin XCBuildConfiguration section */
		6CFE487C28572FFA002DC791 /* Debug */ = {
			isa = XCBuildConfiguration;
			buildSettings = {
				ALWAYS_SEARCH_USER_PATHS = NO;
				CLANG_ANALYZER_NONNULL = YES;
				CLANG_ANALYZER_NUMBER_OBJECT_CONVERSION = YES_AGGRESSIVE;
				CLANG_CXX_LANGUAGE_STANDARD = "gnu++17";
				CLANG_CXX_LIBRARY = "libc++";
				CLANG_ENABLE_MODULES = YES;
				CLANG_ENABLE_OBJC_ARC = YES;
				CLANG_ENABLE_OBJC_WEAK = YES;
				CLANG_WARN_BLOCK_CAPTURE_AUTORELEASING = YES;
				CLANG_WARN_BOOL_CONVERSION = YES;
				CLANG_WARN_COMMA = YES;
				CLANG_WARN_CONSTANT_CONVERSION = YES;
				CLANG_WARN_DEPRECATED_OBJC_IMPLEMENTATIONS = YES;
				CLANG_WARN_DIRECT_OBJC_ISA_USAGE = YES_ERROR;
				CLANG_WARN_DOCUMENTATION_COMMENTS = YES;
				CLANG_WARN_EMPTY_BODY = YES;
				CLANG_WARN_ENUM_CONVERSION = YES;
				CLANG_WARN_INFINITE_RECURSION = YES;
				CLANG_WARN_INT_CONVERSION = YES;
				CLANG_WARN_NON_LITERAL_NULL_CONVERSION = YES;
				CLANG_WARN_OBJC_IMPLICIT_RETAIN_SELF = YES;
				CLANG_WARN_OBJC_LITERAL_CONVERSION = YES;
				CLANG_WARN_OBJC_ROOT_CLASS = YES_ERROR;
				CLANG_WARN_QUOTED_INCLUDE_IN_FRAMEWORK_HEADER = YES;
				CLANG_WARN_RANGE_LOOP_ANALYSIS = YES;
				CLANG_WARN_STRICT_PROTOTYPES = YES;
				CLANG_WARN_SUSPICIOUS_MOVE = YES;
				CLANG_WARN_UNGUARDED_AVAILABILITY = YES_AGGRESSIVE;
				CLANG_WARN_UNREACHABLE_CODE = YES;
				CLANG_WARN__DUPLICATE_METHOD_MATCH = YES;
				COPY_PHASE_STRIP = NO;
				DEBUG_INFORMATION_FORMAT = dwarf;
				ENABLE_STRICT_OBJC_MSGSEND = YES;
				ENABLE_TESTABILITY = YES;
				GCC_C_LANGUAGE_STANDARD = gnu11;
				GCC_DYNAMIC_NO_PIC = NO;
				GCC_NO_COMMON_BLOCKS = YES;
				GCC_OPTIMIZATION_LEVEL = 0;
				GCC_PREPROCESSOR_DEFINITIONS = (
					"DEBUG=1",
					"$(inherited)",
				);
				GCC_WARN_64_TO_32_BIT_CONVERSION = YES;
				GCC_WARN_ABOUT_RETURN_TYPE = YES_ERROR;
				GCC_WARN_UNDECLARED_SELECTOR = YES;
				GCC_WARN_UNINITIALIZED_AUTOS = YES_AGGRESSIVE;
				GCC_WARN_UNUSED_FUNCTION = YES;
				GCC_WARN_UNUSED_VARIABLE = YES;
				IPHONEOS_DEPLOYMENT_TARGET = 15.2;
				MTL_ENABLE_DEBUG_INFO = INCLUDE_SOURCE;
				MTL_FAST_MATH = YES;
				ONLY_ACTIVE_ARCH = YES;
				SDKROOT = iphoneos;
				SWIFT_ACTIVE_COMPILATION_CONDITIONS = DEBUG;
				SWIFT_OPTIMIZATION_LEVEL = "-Onone";
			};
			name = Debug;
		};
		6CFE487D28572FFA002DC791 /* Release */ = {
			isa = XCBuildConfiguration;
			buildSettings = {
				ALWAYS_SEARCH_USER_PATHS = NO;
				CLANG_ANALYZER_NONNULL = YES;
				CLANG_ANALYZER_NUMBER_OBJECT_CONVERSION = YES_AGGRESSIVE;
				CLANG_CXX_LANGUAGE_STANDARD = "gnu++17";
				CLANG_CXX_LIBRARY = "libc++";
				CLANG_ENABLE_MODULES = YES;
				CLANG_ENABLE_OBJC_ARC = YES;
				CLANG_ENABLE_OBJC_WEAK = YES;
				CLANG_WARN_BLOCK_CAPTURE_AUTORELEASING = YES;
				CLANG_WARN_BOOL_CONVERSION = YES;
				CLANG_WARN_COMMA = YES;
				CLANG_WARN_CONSTANT_CONVERSION = YES;
				CLANG_WARN_DEPRECATED_OBJC_IMPLEMENTATIONS = YES;
				CLANG_WARN_DIRECT_OBJC_ISA_USAGE = YES_ERROR;
				CLANG_WARN_DOCUMENTATION_COMMENTS = YES;
				CLANG_WARN_EMPTY_BODY = YES;
				CLANG_WARN_ENUM_CONVERSION = YES;
				CLANG_WARN_INFINITE_RECURSION = YES;
				CLANG_WARN_INT_CONVERSION = YES;
				CLANG_WARN_NON_LITERAL_NULL_CONVERSION = YES;
				CLANG_WARN_OBJC_IMPLICIT_RETAIN_SELF = YES;
				CLANG_WARN_OBJC_LITERAL_CONVERSION = YES;
				CLANG_WARN_OBJC_ROOT_CLASS = YES_ERROR;
				CLANG_WARN_QUOTED_INCLUDE_IN_FRAMEWORK_HEADER = YES;
				CLANG_WARN_RANGE_LOOP_ANALYSIS = YES;
				CLANG_WARN_STRICT_PROTOTYPES = YES;
				CLANG_WARN_SUSPICIOUS_MOVE = YES;
				CLANG_WARN_UNGUARDED_AVAILABILITY = YES_AGGRESSIVE;
				CLANG_WARN_UNREACHABLE_CODE = YES;
				CLANG_WARN__DUPLICATE_METHOD_MATCH = YES;
				COPY_PHASE_STRIP = NO;
				DEBUG_INFORMATION_FORMAT = "dwarf-with-dsym";
				ENABLE_NS_ASSERTIONS = NO;
				ENABLE_STRICT_OBJC_MSGSEND = YES;
				GCC_C_LANGUAGE_STANDARD = gnu11;
				GCC_NO_COMMON_BLOCKS = YES;
				GCC_WARN_64_TO_32_BIT_CONVERSION = YES;
				GCC_WARN_ABOUT_RETURN_TYPE = YES_ERROR;
				GCC_WARN_UNDECLARED_SELECTOR = YES;
				GCC_WARN_UNINITIALIZED_AUTOS = YES_AGGRESSIVE;
				GCC_WARN_UNUSED_FUNCTION = YES;
				GCC_WARN_UNUSED_VARIABLE = YES;
				IPHONEOS_DEPLOYMENT_TARGET = 15.2;
				MTL_ENABLE_DEBUG_INFO = NO;
				MTL_FAST_MATH = YES;
				SDKROOT = iphoneos;
				SWIFT_COMPILATION_MODE = wholemodule;
				SWIFT_OPTIMIZATION_LEVEL = "-O";
				VALIDATE_PRODUCT = YES;
			};
			name = Release;
		};
		6CFE487F28572FFA002DC791 /* Debug */ = {
			isa = XCBuildConfiguration;
			buildSettings = {
				ASSETCATALOG_COMPILER_APPICON_NAME = AppIcon;
				ASSETCATALOG_COMPILER_GLOBAL_ACCENT_COLOR_NAME = AccentColor;
				CLANG_ENABLE_MODULES = YES;
				CODE_SIGN_STYLE = Automatic;
				CURRENT_PROJECT_VERSION = 1;
				DEVELOPMENT_TEAM = 9E5FQU42R9;
				GENERATE_INFOPLIST_FILE = YES;
				INFOPLIST_FILE = DistanceDemo/Info.plist;
				INFOPLIST_KEY_UIApplicationSupportsIndirectInputEvents = YES;
				INFOPLIST_KEY_UILaunchStoryboardName = LaunchScreen;
				INFOPLIST_KEY_UIMainStoryboardFile = Main;
				INFOPLIST_KEY_UISupportedInterfaceOrientations_iPad = "UIInterfaceOrientationPortrait UIInterfaceOrientationPortraitUpsideDown UIInterfaceOrientationLandscapeLeft UIInterfaceOrientationLandscapeRight";
				INFOPLIST_KEY_UISupportedInterfaceOrientations_iPhone = "UIInterfaceOrientationPortrait UIInterfaceOrientationLandscapeLeft UIInterfaceOrientationLandscapeRight";
				LD_RUNPATH_SEARCH_PATHS = (
					"$(inherited)",
					"@executable_path/Frameworks",
				);
				MARKETING_VERSION = 1.0;
				PRODUCT_BUNDLE_IDENTIFIER = sb.DistanceDemo;
				PRODUCT_NAME = "$(TARGET_NAME)";
				SWIFT_EMIT_LOC_STRINGS = YES;
				SWIFT_OBJC_BRIDGING_HEADER = "DistanceDemo/DistanceDemo-Bridging-Header.h";
				SWIFT_OPTIMIZATION_LEVEL = "-Onone";
				SWIFT_VERSION = 5.0;
				TARGETED_DEVICE_FAMILY = "1,2";
			};
			name = Debug;
		};
		6CFE488028572FFA002DC791 /* Release */ = {
			isa = XCBuildConfiguration;
			buildSettings = {
				ASSETCATALOG_COMPILER_APPICON_NAME = AppIcon;
				ASSETCATALOG_COMPILER_GLOBAL_ACCENT_COLOR_NAME = AccentColor;
				CLANG_ENABLE_MODULES = YES;
				CODE_SIGN_STYLE = Automatic;
				CURRENT_PROJECT_VERSION = 1;
				DEVELOPMENT_TEAM = 9E5FQU42R9;
				GENERATE_INFOPLIST_FILE = YES;
				INFOPLIST_FILE = DistanceDemo/Info.plist;
				INFOPLIST_KEY_UIApplicationSupportsIndirectInputEvents = YES;
				INFOPLIST_KEY_UILaunchStoryboardName = LaunchScreen;
				INFOPLIST_KEY_UIMainStoryboardFile = Main;
				INFOPLIST_KEY_UISupportedInterfaceOrientations_iPad = "UIInterfaceOrientationPortrait UIInterfaceOrientationPortraitUpsideDown UIInterfaceOrientationLandscapeLeft UIInterfaceOrientationLandscapeRight";
				INFOPLIST_KEY_UISupportedInterfaceOrientations_iPhone = "UIInterfaceOrientationPortrait UIInterfaceOrientationLandscapeLeft UIInterfaceOrientationLandscapeRight";
				LD_RUNPATH_SEARCH_PATHS = (
					"$(inherited)",
					"@executable_path/Frameworks",
				);
				MARKETING_VERSION = 1.0;
				PRODUCT_BUNDLE_IDENTIFIER = sb.DistanceDemo;
				PRODUCT_NAME = "$(TARGET_NAME)";
				SWIFT_EMIT_LOC_STRINGS = YES;
				SWIFT_OBJC_BRIDGING_HEADER = "DistanceDemo/DistanceDemo-Bridging-Header.h";
				SWIFT_VERSION = 5.0;
				TARGETED_DEVICE_FAMILY = "1,2";
			};
			name = Release;
		};
/* End XCBuildConfiguration section */

/* Begin XCConfigurationList section */
		6CFE486228572FF9002DC791 /* Build configuration list for PBXProject "DistanceDemo" */ = {
			isa = XCConfigurationList;
			buildConfigurations = (
				6CFE487C28572FFA002DC791 /* Debug */,
				6CFE487D28572FFA002DC791 /* Release */,
			);
			defaultConfigurationIsVisible = 0;
			defaultConfigurationName = Release;
		};
		6CFE487E28572FFA002DC791 /* Build configuration list for PBXNativeTarget "DistanceDemo" */ = {
			isa = XCConfigurationList;
			buildConfigurations = (
				6CFE487F28572FFA002DC791 /* Debug */,
				6CFE488028572FFA002DC791 /* Release */,
			);
			defaultConfigurationIsVisible = 0;
			defaultConfigurationName = Release;
		};
/* End XCConfigurationList section */

/* Begin XCRemoteSwiftPackageReference section */
		6C2B120E285B95F8008B80A6 /* XCRemoteSwiftPackageReference "sentry-cocoa" */ = {
			isa = XCRemoteSwiftPackageReference;
			repositoryURL = "https://github.com/getsentry/sentry-cocoa";
			requirement = {
				kind = upToNextMajorVersion;
				minimumVersion = 7.0.0;
			};
		};
/* End XCRemoteSwiftPackageReference section */

/* Begin XCSwiftPackageProductDependency section */
		6C2B120F285B95F8008B80A6 /* Sentry */ = {
			isa = XCSwiftPackageProductDependency;
			package = 6C2B120E285B95F8008B80A6 /* XCRemoteSwiftPackageReference "sentry-cocoa" */;
			productName = Sentry;
		};
/* End XCSwiftPackageProductDependency section */

/* Begin XCVersionGroup section */
		6CFE487328572FF9002DC791 /* DistanceDemo.xcdatamodeld */ = {
			isa = XCVersionGroup;
			children = (
				6CFE487428572FF9002DC791 /* DistanceDemo.xcdatamodel */,
			);
			currentVersion = 6CFE487428572FF9002DC791 /* DistanceDemo.xcdatamodel */;
			path = DistanceDemo.xcdatamodeld;
			sourceTree = "<group>";
			versionGroupType = wrapper.xcdatamodel;
		};
/* End XCVersionGroup section */
	};
	rootObject = 6CFE485F28572FF9002DC791 /* Project object */;
}
